
Microsoft Visual Studio Solution File, Format Version 12.00
# Visual Studio Version 17
VisualStudioVersion = 17.9.34728.123
MinimumVisualStudioVersion = 10.0.40219.1
Project("{FAE04EC0-301F-11D3-BF4B-00C04F79EFBC}") = "ERPS.Web", "ERPS.Web.csproj", "{5D943126-58ED-43FD-8470-32CA72CF6260}"
EndProject
Project("{FAE04EC0-301F-11D3-BF4B-00C04F79EFBC}") = "ERPS.Core", "..\ERPS.Core\ERPS.Core.csproj", "{7ABA7B72-EE42-4CC0-934C-028BB2AAE29F}"
EndProject
Project("{FAE04EC0-301F-11D3-BF4B-00C04F79EFBC}") = "ERPS.Application", "..\ERPS.Application\ERPS.Application.csproj", "{52DB3B1C-9FD3-43C8-BB1B-3AE8170CF701}"
EndProject
Project("{FAE04EC0-301F-11D3-BF4B-00C04F79EFBC}") = "ERPS.Infrastructure", "..\ERPS.Infrastructure\ERPS.Infrastructure.csproj", "{1A59E420-4CD4-4351-ACAE-2863AA292CE1}"
EndProject
Global
	GlobalSection(SolutionConfigurationPlatforms) = preSolution
		Debug|Any CPU = Debug|Any CPU
		Release|Any CPU = Release|Any CPU
	EndGlobalSection
	GlobalSection(ProjectConfigurationPlatforms) = postSolution
		{5D943126-58ED-43FD-8470-32CA72CF6260}.Debug|Any CPU.ActiveCfg = Debug|Any CPU
		{5D943126-58ED-43FD-8470-32CA72CF6260}.Debug|Any CPU.Build.0 = Debug|Any CPU
		{5D943126-58ED-43FD-8470-32CA72CF6260}.Release|Any CPU.ActiveCfg = Release|Any CPU
		{5D943126-58ED-43FD-8470-32CA72CF6260}.Release|Any CPU.Build.0 = Release|Any CPU
		{7ABA7B72-EE42-4CC0-934C-028BB2AAE29F}.Debug|Any CPU.ActiveCfg = Debug|Any CPU
		{7ABA7B72-EE42-4CC0-934C-028BB2AAE29F}.Debug|Any CPU.Build.0 = Debug|Any CPU
		{7ABA7B72-EE42-4CC0-934C-028BB2AAE29F}.Release|Any CPU.ActiveCfg = Release|Any CPU
		{7ABA7B72-EE42-4CC0-934C-028BB2AAE29F}.Release|Any CPU.Build.0 = Release|Any CPU
		{52DB3B1C-9FD3-43C8-BB1B-3AE8170CF701}.Debug|Any CPU.ActiveCfg = Debug|Any CPU
		{52DB3B1C-9FD3-43C8-BB1B-3AE8170CF701}.Debug|Any CPU.Build.0 = Debug|Any CPU
		{52DB3B1C-9FD3-43C8-BB1B-3AE8170CF701}.Release|Any CPU.ActiveCfg = Release|Any CPU
		{52DB3B1C-9FD3-43C8-BB1B-3AE8170CF701}.Release|Any CPU.Build.0 = Release|Any CPU
		{1A59E420-4CD4-4351-ACAE-2863AA292CE1}.Debug|Any CPU.ActiveCfg = Debug|Any CPU
		{1A59E420-4CD4-4351-ACAE-2863AA292CE1}.Debug|Any CPU.Build.0 = Debug|Any CPU
		{1A59E420-4CD4-4351-ACAE-2863AA292CE1}.Release|Any CPU.ActiveCfg = Release|Any CPU
		{1A59E420-4CD4-4351-ACAE-2863AA292CE1}.Release|Any CPU.Build.0 = Release|Any CPU
	EndGlobalSection
	GlobalSection(SolutionProperties) = preSolution
		HideSolutionNode = FALSE
	EndGlobalSection
	GlobalSection(ExtensibilityGlobals) = postSolution
		SolutionGuid = {6D70737C-BF2B-4F22-BEB4-C18C149F572D}
	EndGlobalSection
EndGlobal
